// !$*UTF8*$!
{
	archiveVersion = 1;
	classes = {
	};
	objectVersion = 55;
	objects = {

/* Begin PBXBuildFile section */
		93148536285128DB006AE36E /* UninstallViewController.swift in Sources */ = {isa = PBXBuildFile; fileRef = 93148535285128DB006AE36E /* UninstallViewController.swift */; };
		9314B525282B38600009345E /* AppDelegate.swift in Sources */ = {isa = PBXBuildFile; fileRef = 9314B524282B38600009345E /* AppDelegate.swift */; };
		9314B527282B38600009345E /* LandingViewController.swift in Sources */ = {isa = PBXBuildFile; fileRef = 9314B526282B38600009345E /* LandingViewController.swift */; };
		9314B529282B38620009345E /* Assets.xcassets in Resources */ = {isa = PBXBuildFile; fileRef = 9314B528282B38620009345E /* Assets.xcassets */; };
		9314B534282B38850009345E /* main.swift in Sources */ = {isa = PBXBuildFile; fileRef = 9314B533282B38850009345E /* main.swift */; };
		93329E14284F949C0063BC38 /* NPStartup.app in CopyFiles */ = {isa = PBXBuildFile; fileRef = 937169AE284F936000D1CE73 /* NPStartup.app */; settings = {ATTRIBUTES = (RemoveHeadersOnCopy, ); }; };
		934AA6D6284F986F00159B47 /* PingViewController.swift in Sources */ = {isa = PBXBuildFile; fileRef = 934AA6D5284F986F00159B47 /* PingViewController.swift */; };
		934AA6D8284F98E400159B47 /* main.swift in Sources */ = {isa = PBXBuildFile; fileRef = 934AA6D7284F98E400159B47 /* main.swift */; };
		935ADA50282F4C7000FA8132 /* LICENSE in Resources */ = {isa = PBXBuildFile; fileRef = 935ADA4F282F4C7000FA8132 /* LICENSE */; };
		937169B1284F936000D1CE73 /* AppDelegate.swift in Sources */ = {isa = PBXBuildFile; fileRef = 937169B0284F936000D1CE73 /* AppDelegate.swift */; };
		937169B5284F936100D1CE73 /* Assets.xcassets in Resources */ = {isa = PBXBuildFile; fileRef = 937169B4284F936100D1CE73 /* Assets.xcassets */; };
		93C42A37282C783700130186 /* AppMenu.swift in Sources */ = {isa = PBXBuildFile; fileRef = 93C42A36282C783700130186 /* AppMenu.swift */; };
		93C42A3A282C7C0F00130186 /* CredentialsView+Delegate.swift in Sources */ = {isa = PBXBuildFile; fileRef = 93C42A39282C7C0F00130186 /* CredentialsView+Delegate.swift */; };
/* End PBXBuildFile section */

/* Begin PBXCopyFilesBuildPhase section */
		93DA99D4284EDFAB0077E199 /* CopyFiles */ = {
			isa = PBXCopyFilesBuildPhase;
			buildActionMask = 2147483647;
			dstPath = Contents/Library/LoginItems;
			dstSubfolderSpec = 1;
			files = (
				93329E14284F949C0063BC38 /* NPStartup.app in CopyFiles */,
			);
			runOnlyForDeploymentPostprocessing = 0;
		};
/* End PBXCopyFilesBuildPhase section */

/* Begin PBXFileReference section */
		93148534285125D1006AE36E /* README.md */ = {isa = PBXFileReference; lastKnownFileType = net.daringfireball.markdown; path = README.md; sourceTree = "<group>"; };
		93148535285128DB006AE36E /* UninstallViewController.swift */ = {isa = PBXFileReference; lastKnownFileType = sourcecode.swift; path = UninstallViewController.swift; sourceTree = "<group>"; };
		9314B521282B38600009345E /* NoPerish.app */ = {isa = PBXFileReference; explicitFileType = wrapper.application; includeInIndex = 0; path = NoPerish.app; sourceTree = BUILT_PRODUCTS_DIR; };
		9314B524282B38600009345E /* AppDelegate.swift */ = {isa = PBXFileReference; lastKnownFileType = sourcecode.swift; path = AppDelegate.swift; sourceTree = "<group>"; };
		9314B526282B38600009345E /* LandingViewController.swift */ = {isa = PBXFileReference; lastKnownFileType = sourcecode.swift; path = LandingViewController.swift; sourceTree = "<group>"; };
		9314B528282B38620009345E /* Assets.xcassets */ = {isa = PBXFileReference; lastKnownFileType = folder.assetcatalog; path = Assets.xcassets; sourceTree = "<group>"; };
		9314B52D282B38620009345E /* NoPerish.entitlements */ = {isa = PBXFileReference; lastKnownFileType = text.plist.entitlements; path = NoPerish.entitlements; sourceTree = "<group>"; };
		9314B533282B38850009345E /* main.swift */ = {isa = PBXFileReference; lastKnownFileType = sourcecode.swift; path = main.swift; sourceTree = "<group>"; };
		93329E13284F93B40063BC38 /* Info.plist */ = {isa = PBXFileReference; lastKnownFileType = text.plist; path = Info.plist; sourceTree = "<group>"; };
		934AA6D5284F986F00159B47 /* PingViewController.swift */ = {isa = PBXFileReference; lastKnownFileType = sourcecode.swift; path = PingViewController.swift; sourceTree = "<group>"; };
		934AA6D7284F98E400159B47 /* main.swift */ = {isa = PBXFileReference; lastKnownFileType = sourcecode.swift; path = main.swift; sourceTree = "<group>"; };
		935ADA4F282F4C7000FA8132 /* LICENSE */ = {isa = PBXFileReference; fileEncoding = 4; lastKnownFileType = text; path = LICENSE; sourceTree = "<group>"; };
		937169AE284F936000D1CE73 /* NPStartup.app */ = {isa = PBXFileReference; explicitFileType = wrapper.application; includeInIndex = 0; path = NPStartup.app; sourceTree = BUILT_PRODUCTS_DIR; };
		937169B0284F936000D1CE73 /* AppDelegate.swift */ = {isa = PBXFileReference; lastKnownFileType = sourcecode.swift; path = AppDelegate.swift; sourceTree = "<group>"; };
		937169B4284F936100D1CE73 /* Assets.xcassets */ = {isa = PBXFileReference; lastKnownFileType = folder.assetcatalog; path = Assets.xcassets; sourceTree = "<group>"; };
		937169B9284F936100D1CE73 /* NPStartup.entitlements */ = {isa = PBXFileReference; lastKnownFileType = text.plist.entitlements; path = NPStartup.entitlements; sourceTree = "<group>"; };
		93C42A36282C783700130186 /* AppMenu.swift */ = {isa = PBXFileReference; lastKnownFileType = sourcecode.swift; path = AppMenu.swift; sourceTree = "<group>"; };
		93C42A39282C7C0F00130186 /* CredentialsView+Delegate.swift */ = {isa = PBXFileReference; lastKnownFileType = sourcecode.swift; path = "CredentialsView+Delegate.swift"; sourceTree = "<group>"; };
		93DA99C6284EDEC80077E199 /* Info.plist */ = {isa = PBXFileReference; lastKnownFileType = text.plist; path = Info.plist; sourceTree = "<group>"; };
/* End PBXFileReference section */

/* Begin PBXFrameworksBuildPhase section */
		9314B51E282B38600009345E /* Frameworks */ = {
			isa = PBXFrameworksBuildPhase;
			buildActionMask = 2147483647;
			files = (
			);
			runOnlyForDeploymentPostprocessing = 0;
		};
		937169AB284F936000D1CE73 /* Frameworks */ = {
			isa = PBXFrameworksBuildPhase;
			buildActionMask = 2147483647;
			files = (
			);
			runOnlyForDeploymentPostprocessing = 0;
		};
/* End PBXFrameworksBuildPhase section */

/* Begin PBXGroup section */
		9314B518282B38600009345E = {
			isa = PBXGroup;
			children = (
				93148534285125D1006AE36E /* README.md */,
				935ADA4F282F4C7000FA8132 /* LICENSE */,
				9314B523282B38600009345E /* NoPerish */,
				937169AF284F936000D1CE73 /* NPStartup */,
				9314B522282B38600009345E /* Products */,
			);
			sourceTree = "<group>";
		};
		9314B522282B38600009345E /* Products */ = {
			isa = PBXGroup;
			children = (
				9314B521282B38600009345E /* NoPerish.app */,
				937169AE284F936000D1CE73 /* NPStartup.app */,
			);
			name = Products;
			sourceTree = "<group>";
		};
		9314B523282B38600009345E /* NoPerish */ = {
			isa = PBXGroup;
			children = (
				93DA99C6284EDEC80077E199 /* Info.plist */,
				93C42A38282C7BF300130186 /* VCs */,
				9314B524282B38600009345E /* AppDelegate.swift */,
				9314B533282B38850009345E /* main.swift */,
				93C42A36282C783700130186 /* AppMenu.swift */,
				9314B528282B38620009345E /* Assets.xcassets */,
				9314B52D282B38620009345E /* NoPerish.entitlements */,
			);
			path = NoPerish;
			sourceTree = "<group>";
		};
		937169AF284F936000D1CE73 /* NPStartup */ = {
			isa = PBXGroup;
			children = (
				93329E13284F93B40063BC38 /* Info.plist */,
				937169B0284F936000D1CE73 /* AppDelegate.swift */,
				934AA6D5284F986F00159B47 /* PingViewController.swift */,
				934AA6D7284F98E400159B47 /* main.swift */,
				937169B4284F936100D1CE73 /* Assets.xcassets */,
				937169B9284F936100D1CE73 /* NPStartup.entitlements */,
			);
			path = NPStartup;
			sourceTree = "<group>";
		};
		93C42A38282C7BF300130186 /* VCs */ = {
			isa = PBXGroup;
			children = (
				93C42A39282C7C0F00130186 /* CredentialsView+Delegate.swift */,
				9314B526282B38600009345E /* LandingViewController.swift */,
				93148535285128DB006AE36E /* UninstallViewController.swift */,
			);
			path = VCs;
			sourceTree = "<group>";
		};
/* End PBXGroup section */

/* Begin PBXNativeTarget section */
		9314B520282B38600009345E /* NoPerish */ = {
			isa = PBXNativeTarget;
			buildConfigurationList = 9314B530282B38620009345E /* Build configuration list for PBXNativeTarget "NoPerish" */;
			buildPhases = (
				9314B51D282B38600009345E /* Sources */,
				9314B51E282B38600009345E /* Frameworks */,
				9314B51F282B38600009345E /* Resources */,
				93DA99D4284EDFAB0077E199 /* CopyFiles */,
			);
			buildRules = (
			);
			dependencies = (
			);
			name = NoPerish;
			productName = NoPerish;
			productReference = 9314B521282B38600009345E /* NoPerish.app */;
			productType = "com.apple.product-type.application";
		};
		937169AD284F936000D1CE73 /* NPStartup */ = {
			isa = PBXNativeTarget;
			buildConfigurationList = 937169BA284F936100D1CE73 /* Build configuration list for PBXNativeTarget "NPStartup" */;
			buildPhases = (
				937169AA284F936000D1CE73 /* Sources */,
				937169AB284F936000D1CE73 /* Frameworks */,
				937169AC284F936000D1CE73 /* Resources */,
			);
			buildRules = (
			);
			dependencies = (
			);
			name = NPStartup;
			productName = NPStartup;
			productReference = 937169AE284F936000D1CE73 /* NPStartup.app */;
			productType = "com.apple.product-type.application";
		};
/* End PBXNativeTarget section */

/* Begin PBXProject section */
		9314B519282B38600009345E /* Project object */ = {
			isa = PBXProject;
			attributes = {
				BuildIndependentTargetsInParallel = 1;
				LastSwiftUpdateCheck = 1340;
				LastUpgradeCheck = 1340;
				TargetAttributes = {
					9314B520282B38600009345E = {
						CreatedOnToolsVersion = 13.3.1;
					};
					937169AD284F936000D1CE73 = {
						CreatedOnToolsVersion = 13.4.1;
					};
				};
			};
			buildConfigurationList = 9314B51C282B38600009345E /* Build configuration list for PBXProject "NoPerish" */;
			compatibilityVersion = "Xcode 13.0";
			developmentRegion = en;
			hasScannedForEncodings = 0;
			knownRegions = (
				en,
				Base,
			);
			mainGroup = 9314B518282B38600009345E;
			productRefGroup = 9314B522282B38600009345E /* Products */;
			projectDirPath = "";
			projectRoot = "";
			targets = (
				9314B520282B38600009345E /* NoPerish */,
				937169AD284F936000D1CE73 /* NPStartup */,
			);
		};
/* End PBXProject section */

/* Begin PBXResourcesBuildPhase section */
		9314B51F282B38600009345E /* Resources */ = {
			isa = PBXResourcesBuildPhase;
			buildActionMask = 2147483647;
			files = (
				935ADA50282F4C7000FA8132 /* LICENSE in Resources */,
				9314B529282B38620009345E /* Assets.xcassets in Resources */,
			);
			runOnlyForDeploymentPostprocessing = 0;
		};
		937169AC284F936000D1CE73 /* Resources */ = {
			isa = PBXResourcesBuildPhase;
			buildActionMask = 2147483647;
			files = (
				937169B5284F936100D1CE73 /* Assets.xcassets in Resources */,
			);
			runOnlyForDeploymentPostprocessing = 0;
		};
/* End PBXResourcesBuildPhase section */

/* Begin PBXSourcesBuildPhase section */
		9314B51D282B38600009345E /* Sources */ = {
			isa = PBXSourcesBuildPhase;
			buildActionMask = 2147483647;
			files = (
				9314B527282B38600009345E /* LandingViewController.swift in Sources */,
				93148536285128DB006AE36E /* UninstallViewController.swift in Sources */,
				93C42A3A282C7C0F00130186 /* CredentialsView+Delegate.swift in Sources */,
				9314B525282B38600009345E /* AppDelegate.swift in Sources */,
				93C42A37282C783700130186 /* AppMenu.swift in Sources */,
				9314B534282B38850009345E /* main.swift in Sources */,
			);
			runOnlyForDeploymentPostprocessing = 0;
		};
		937169AA284F936000D1CE73 /* Sources */ = {
			isa = PBXSourcesBuildPhase;
			buildActionMask = 2147483647;
			files = (
				934AA6D6284F986F00159B47 /* PingViewController.swift in Sources */,
				937169B1284F936000D1CE73 /* AppDelegate.swift in Sources */,
				934AA6D8284F98E400159B47 /* main.swift in Sources */,
			);
			runOnlyForDeploymentPostprocessing = 0;
		};
/* End PBXSourcesBuildPhase section */

/* Begin XCBuildConfiguration section */
		9314B52E282B38620009345E /* Debug */ = {
			isa = XCBuildConfiguration;
			buildSettings = {
				ALWAYS_SEARCH_USER_PATHS = NO;
				CLANG_ANALYZER_NONNULL = YES;
				CLANG_ANALYZER_NUMBER_OBJECT_CONVERSION = YES_AGGRESSIVE;
				CLANG_CXX_LANGUAGE_STANDARD = "gnu++17";
				CLANG_ENABLE_MODULES = YES;
				CLANG_ENABLE_OBJC_ARC = YES;
				CLANG_ENABLE_OBJC_WEAK = YES;
				CLANG_WARN_BLOCK_CAPTURE_AUTORELEASING = YES;
				CLANG_WARN_BOOL_CONVERSION = YES;
				CLANG_WARN_COMMA = YES;
				CLANG_WARN_CONSTANT_CONVERSION = YES;
				CLANG_WARN_DEPRECATED_OBJC_IMPLEMENTATIONS = YES;
				CLANG_WARN_DIRECT_OBJC_ISA_USAGE = YES_ERROR;
				CLANG_WARN_DOCUMENTATION_COMMENTS = YES;
				CLANG_WARN_EMPTY_BODY = YES;
				CLANG_WARN_ENUM_CONVERSION = YES;
				CLANG_WARN_INFINITE_RECURSION = YES;
				CLANG_WARN_INT_CONVERSION = YES;
				CLANG_WARN_NON_LITERAL_NULL_CONVERSION = YES;
				CLANG_WARN_OBJC_IMPLICIT_RETAIN_SELF = YES;
				CLANG_WARN_OBJC_LITERAL_CONVERSION = YES;
				CLANG_WARN_OBJC_ROOT_CLASS = YES_ERROR;
				CLANG_WARN_QUOTED_INCLUDE_IN_FRAMEWORK_HEADER = YES;
				CLANG_WARN_RANGE_LOOP_ANALYSIS = YES;
				CLANG_WARN_STRICT_PROTOTYPES = YES;
				CLANG_WARN_SUSPICIOUS_MOVE = YES;
				CLANG_WARN_UNGUARDED_AVAILABILITY = YES_AGGRESSIVE;
				CLANG_WARN_UNREACHABLE_CODE = YES;
				CLANG_WARN__DUPLICATE_METHOD_MATCH = YES;
				COPY_PHASE_STRIP = NO;
				DEBUG_INFORMATION_FORMAT = dwarf;
				ENABLE_STRICT_OBJC_MSGSEND = YES;
				ENABLE_TESTABILITY = YES;
				GCC_C_LANGUAGE_STANDARD = gnu11;
				GCC_DYNAMIC_NO_PIC = NO;
				GCC_NO_COMMON_BLOCKS = YES;
				GCC_OPTIMIZATION_LEVEL = 0;
				GCC_PREPROCESSOR_DEFINITIONS = (
					"DEBUG=1",
					"$(inherited)",
				);
				GCC_WARN_64_TO_32_BIT_CONVERSION = YES;
				GCC_WARN_ABOUT_RETURN_TYPE = YES_ERROR;
				GCC_WARN_UNDECLARED_SELECTOR = YES;
				GCC_WARN_UNINITIALIZED_AUTOS = YES_AGGRESSIVE;
				GCC_WARN_UNUSED_FUNCTION = YES;
				GCC_WARN_UNUSED_VARIABLE = YES;
				MACOSX_DEPLOYMENT_TARGET = 12.3;
				MTL_ENABLE_DEBUG_INFO = INCLUDE_SOURCE;
				MTL_FAST_MATH = YES;
				ONLY_ACTIVE_ARCH = YES;
				SDKROOT = macosx;
				SWIFT_ACTIVE_COMPILATION_CONDITIONS = DEBUG;
				SWIFT_OPTIMIZATION_LEVEL = "-Onone";
			};
			name = Debug;
		};
		9314B52F282B38620009345E /* Release */ = {
			isa = XCBuildConfiguration;
			buildSettings = {
				ALWAYS_SEARCH_USER_PATHS = NO;
				CLANG_ANALYZER_NONNULL = YES;
				CLANG_ANALYZER_NUMBER_OBJECT_CONVERSION = YES_AGGRESSIVE;
				CLANG_CXX_LANGUAGE_STANDARD = "gnu++17";
				CLANG_ENABLE_MODULES = YES;
				CLANG_ENABLE_OBJC_ARC = YES;
				CLANG_ENABLE_OBJC_WEAK = YES;
				CLANG_WARN_BLOCK_CAPTURE_AUTORELEASING = YES;
				CLANG_WARN_BOOL_CONVERSION = YES;
				CLANG_WARN_COMMA = YES;
				CLANG_WARN_CONSTANT_CONVERSION = YES;
				CLANG_WARN_DEPRECATED_OBJC_IMPLEMENTATIONS = YES;
				CLANG_WARN_DIRECT_OBJC_ISA_USAGE = YES_ERROR;
				CLANG_WARN_DOCUMENTATION_COMMENTS = YES;
				CLANG_WARN_EMPTY_BODY = YES;
				CLANG_WARN_ENUM_CONVERSION = YES;
				CLANG_WARN_INFINITE_RECURSION = YES;
				CLANG_WARN_INT_CONVERSION = YES;
				CLANG_WARN_NON_LITERAL_NULL_CONVERSION = YES;
				CLANG_WARN_OBJC_IMPLICIT_RETAIN_SELF = YES;
				CLANG_WARN_OBJC_LITERAL_CONVERSION = YES;
				CLANG_WARN_OBJC_ROOT_CLASS = YES_ERROR;
				CLANG_WARN_QUOTED_INCLUDE_IN_FRAMEWORK_HEADER = YES;
				CLANG_WARN_RANGE_LOOP_ANALYSIS = YES;
				CLANG_WARN_STRICT_PROTOTYPES = YES;
				CLANG_WARN_SUSPICIOUS_MOVE = YES;
				CLANG_WARN_UNGUARDED_AVAILABILITY = YES_AGGRESSIVE;
				CLANG_WARN_UNREACHABLE_CODE = YES;
				CLANG_WARN__DUPLICATE_METHOD_MATCH = YES;
				COPY_PHASE_STRIP = NO;
				DEBUG_INFORMATION_FORMAT = "dwarf-with-dsym";
				ENABLE_NS_ASSERTIONS = NO;
				ENABLE_STRICT_OBJC_MSGSEND = YES;
				GCC_C_LANGUAGE_STANDARD = gnu11;
				GCC_NO_COMMON_BLOCKS = YES;
				GCC_WARN_64_TO_32_BIT_CONVERSION = YES;
				GCC_WARN_ABOUT_RETURN_TYPE = YES_ERROR;
				GCC_WARN_UNDECLARED_SELECTOR = YES;
				GCC_WARN_UNINITIALIZED_AUTOS = YES_AGGRESSIVE;
				GCC_WARN_UNUSED_FUNCTION = YES;
				GCC_WARN_UNUSED_VARIABLE = YES;
				MACOSX_DEPLOYMENT_TARGET = 12.3;
				MTL_ENABLE_DEBUG_INFO = NO;
				MTL_FAST_MATH = YES;
				SDKROOT = macosx;
				SWIFT_COMPILATION_MODE = wholemodule;
				SWIFT_OPTIMIZATION_LEVEL = "-O";
			};
			name = Release;
		};
		9314B531282B38620009345E /* Debug */ = {
			isa = XCBuildConfiguration;
			buildSettings = {
				ASSETCATALOG_COMPILER_APPICON_NAME = AppIcon;
				ASSETCATALOG_COMPILER_GLOBAL_ACCENT_COLOR_NAME = AccentColor;
				CODE_SIGN_ENTITLEMENTS = NoPerish/NoPerish.entitlements;
				CODE_SIGN_IDENTITY = "-";
				CODE_SIGN_STYLE = Automatic;
				COMBINE_HIDPI_IMAGES = YES;
				CURRENT_PROJECT_VERSION = 1;
				DEVELOPMENT_TEAM = 4XLC6H6NGW;
				ENABLE_HARDENED_RUNTIME = YES;
				GENERATE_INFOPLIST_FILE = YES;
				INFOPLIST_FILE = NoPerish/Info.plist;
				INFOPLIST_KEY_LSApplicationCategoryType = "public.app-category.utilities";
				INFOPLIST_KEY_NSHumanReadableCopyright = "Licensed under the GNU General Public License 3.0";
				INFOPLIST_KEY_NSMainStoryboardFile = "";
				INFOPLIST_KEY_NSPrincipalClass = NSApplication;
				LD_RUNPATH_SEARCH_PATHS = (
					"$(inherited)",
					"@executable_path/../Frameworks",
				);
				MACOSX_DEPLOYMENT_TARGET = 11.0;
				MARKETING_VERSION = 1.0;
				PRODUCT_BUNDLE_IDENTIFIER = eu.masonfrykman.NoPerish;
				PRODUCT_NAME = "$(TARGET_NAME)";
				SWIFT_EMIT_LOC_STRINGS = YES;
				SWIFT_VERSION = 5.0;
			};
			name = Debug;
		};
		9314B532282B38620009345E /* Release */ = {
			isa = XCBuildConfiguration;
			buildSettings = {
				ASSETCATALOG_COMPILER_APPICON_NAME = AppIcon;
				ASSETCATALOG_COMPILER_GLOBAL_ACCENT_COLOR_NAME = AccentColor;
				CODE_SIGN_ENTITLEMENTS = NoPerish/NoPerish.entitlements;
				CODE_SIGN_IDENTITY = "-";
				CODE_SIGN_STYLE = Automatic;
				COMBINE_HIDPI_IMAGES = YES;
				CURRENT_PROJECT_VERSION = 1;
				DEVELOPMENT_TEAM = 4XLC6H6NGW;
				ENABLE_HARDENED_RUNTIME = YES;
				GENERATE_INFOPLIST_FILE = YES;
				INFOPLIST_FILE = NoPerish/Info.plist;
				INFOPLIST_KEY_LSApplicationCategoryType = "public.app-category.utilities";
				INFOPLIST_KEY_NSHumanReadableCopyright = "Licensed under the GNU General Public License 3.0";
				INFOPLIST_KEY_NSMainStoryboardFile = "";
				INFOPLIST_KEY_NSPrincipalClass = NSApplication;
				LD_RUNPATH_SEARCH_PATHS = (
					"$(inherited)",
					"@executable_path/../Frameworks",
				);
				MACOSX_DEPLOYMENT_TARGET = 11.0;
				MARKETING_VERSION = 1.0;
				PRODUCT_BUNDLE_IDENTIFIER = eu.masonfrykman.NoPerish;
				PRODUCT_NAME = "$(TARGET_NAME)";
				SWIFT_EMIT_LOC_STRINGS = YES;
				SWIFT_VERSION = 5.0;
			};
			name = Release;
		};
		937169BB284F936100D1CE73 /* Debug */ = {
			isa = XCBuildConfiguration;
			buildSettings = {
				ASSETCATALOG_COMPILER_APPICON_NAME = AppIcon;
				ASSETCATALOG_COMPILER_GLOBAL_ACCENT_COLOR_NAME = AccentColor;
				CODE_SIGN_ENTITLEMENTS = NPStartup/NPStartup.entitlements;
				CODE_SIGN_IDENTITY = "-";
				CODE_SIGN_STYLE = Automatic;
				COMBINE_HIDPI_IMAGES = YES;
				CURRENT_PROJECT_VERSION = 1;
				DEVELOPMENT_TEAM = 4XLC6H6NGW;
				ENABLE_HARDENED_RUNTIME = YES;
				GENERATE_INFOPLIST_FILE = YES;
				INFOPLIST_FILE = NPStartup/Info.plist;
				INFOPLIST_KEY_LSApplicationCategoryType = "public.app-category.utilities";
				INFOPLIST_KEY_NSHumanReadableCopyright = "";
				INFOPLIST_KEY_NSMainStoryboardFile = "";
				INFOPLIST_KEY_NSPrincipalClass = NSApplication;
				LD_RUNPATH_SEARCH_PATHS = (
					"$(inherited)",
					"@executable_path/../Frameworks",
				);
				MARKETING_VERSION = 1.0;
				PRODUCT_BUNDLE_IDENTIFIER = eu.masonfrykman.NPStartup;
				PRODUCT_NAME = "$(TARGET_NAME)";
				SKIP_INSTALL = YES;
				SWIFT_EMIT_LOC_STRINGS = YES;
				SWIFT_VERSION = 5.0;
			};
			name = Debug;
		};
		937169BC284F936100D1CE73 /* Release */ = {
			isa = XCBuildConfiguration;
			buildSettings = {
				ASSETCATALOG_COMPILER_APPICON_NAME = AppIcon;
				ASSETCATALOG_COMPILER_GLOBAL_ACCENT_COLOR_NAME = AccentColor;
				CODE_SIGN_ENTITLEMENTS = NPStartup/NPStartup.entitlements;
				CODE_SIGN_IDENTITY = "-";
				CODE_SIGN_STYLE = Automatic;
				COMBINE_HIDPI_IMAGES = YES;
				CURRENT_PROJECT_VERSION = 1;
				DEVELOPMENT_TEAM = 4XLC6H6NGW;
				ENABLE_HARDENED_RUNTIME = YES;
				GENERATE_INFOPLIST_FILE = YES;
				INFOPLIST_FILE = NPStartup/Info.plist;
				INFOPLIST_KEY_LSApplicationCategoryType = "public.app-category.utilities";
				INFOPLIST_KEY_NSHumanReadableCopyright = "";
				INFOPLIST_KEY_NSMainStoryboardFile = "";
				INFOPLIST_KEY_NSPrincipalClass = NSApplication;
				LD_RUNPATH_SEARCH_PATHS = (
					"$(inherited)",
					"@executable_path/../Frameworks",
				);
				MARKETING_VERSION = 1.0;
				PRODUCT_BUNDLE_IDENTIFIER = eu.masonfrykman.NPStartup;
				PRODUCT_NAME = "$(TARGET_NAME)";
				SKIP_INSTALL = YES;
				SWIFT_EMIT_LOC_STRINGS = YES;
				SWIFT_VERSION = 5.0;
			};
			name = Release;
		};
/* End XCBuildConfiguration section */

/* Begin XCConfigurationList section */
		9314B51C282B38600009345E /* Build configuration list for PBXProject "NoPerish" */ = {
			isa = XCConfigurationList;
			buildConfigurations = (
				9314B52E282B38620009345E /* Debug */,
				9314B52F282B38620009345E /* Release */,
			);
			defaultConfigurationIsVisible = 0;
			defaultConfigurationName = Release;
		};
		9314B530282B38620009345E /* Build configuration list for PBXNativeTarget "NoPerish" */ = {
			isa = XCConfigurationList;
			buildConfigurations = (
				9314B531282B38620009345E /* Debug */,
				9314B532282B38620009345E /* Release */,
			);
			defaultConfigurationIsVisible = 0;
			defaultConfigurationName = Release;
		};
		937169BA284F936100D1CE73 /* Build configuration list for PBXNativeTarget "NPStartup" */ = {
			isa = XCConfigurationList;
			buildConfigurations = (
				937169BB284F936100D1CE73 /* Debug */,
				937169BC284F936100D1CE73 /* Release */,
			);
			defaultConfigurationIsVisible = 0;
			defaultConfigurationName = Release;
		};
/* End XCConfigurationList section */
	};
	rootObject = 9314B519282B38600009345E /* Project object */;
}
